
Microsoft Visual Studio Solution File, Format Version 12.00
# Visual Studio Version 17
VisualStudioVersion = 17.1.32328.378
MinimumVisualStudioVersion = 10.0.40219.1
Project("{FAE04EC0-301F-11D3-BF4B-00C04F79EFBC}") = "APICustomer", "APICustomer.csproj", "{A19332D9-2A64-4349-9B2C-9D1E7F7D2318}"
EndProject
Global
	GlobalSection(SolutionConfigurationPlatforms) = preSolution
		Debug|Any CPU = Debug|Any CPU
		Release|Any CPU = Release|Any CPU
	EndGlobalSection
	GlobalSection(ProjectConfigurationPlatforms) = postSolution
		{A19332D9-2A64-4349-9B2C-9D1E7F7D2318}.Debug|Any CPU.ActiveCfg = Debug|Any CPU
		{A19332D9-2A64-4349-9B2C-9D1E7F7D2318}.Debug|Any CPU.Build.0 = Debug|Any CPU
		{A19332D9-2A64-4349-9B2C-9D1E7F7D2318}.Release|Any CPU.ActiveCfg = Release|Any CPU
		{A19332D9-2A64-4349-9B2C-9D1E7F7D2318}.Release|Any CPU.Build.0 = Release|Any CPU
	EndGlobalSection
	GlobalSection(SolutionProperties) = preSolution
		HideSolutionNode = FALSE
	EndGlobalSection
	GlobalSection(ExtensibilityGlobals) = postSolution
		SolutionGuid = {6D11ADD4-3C02-4705-9879-D66226F7594F}
	EndGlobalSection
EndGlobal
